
Microsoft Visual Studio Solution File, Format Version 12.00
# Visual Studio 2012
Project("{FAE04EC0-301F-11D3-BF4B-00C04F79EFBC}") = "FirstTaskOddFilter", "FirstTaskOddFilter.csproj", "{58437C6C-982C-4F7A-B7A8-2164EA442EC1}"
EndProject
Global
	GlobalSection(SolutionConfigurationPlatforms) = preSolution
		Debug|x86 = Debug|x86
		Release|x86 = Release|x86
	EndGlobalSection
	GlobalSection(ProjectConfigurationPlatforms) = postSolution
		{58437C6C-982C-4F7A-B7A8-2164EA442EC1}.Debug|x86.ActiveCfg = Debug|x86
		{58437C6C-982C-4F7A-B7A8-2164EA442EC1}.Debug|x86.Build.0 = Debug|x86
		{58437C6C-982C-4F7A-B7A8-2164EA442EC1}.Release|x86.ActiveCfg = Release|x86
		{58437C6C-982C-4F7A-B7A8-2164EA442EC1}.Release|x86.Build.0 = Release|x86
	EndGlobalSection
EndGlobal
